
Microsoft Visual Studio Solution File, Format Version 12.00
# Visual Studio Version 17
VisualStudioVersion = 17.1.32210.238
MinimumVisualStudioVersion = 10.0.40219.1
Project("{FAE04EC0-301F-11D3-BF4B-00C04F79EFBC}") = "OES_Complete_Project", "OES_Complete_Project\OES_Complete_Project.csproj", "{46721173-5165-4C85-9029-B7417C0EAACD}"
EndProject
Global
	GlobalSection(SolutionConfigurationPlatforms) = preSolution
		Debug|Any CPU = Debug|Any CPU
		Release|Any CPU = Release|Any CPU
	EndGlobalSection
	GlobalSection(ProjectConfigurationPlatforms) = postSolution
		{46721173-5165-4C85-9029-B7417C0EAACD}.Debug|Any CPU.ActiveCfg = Debug|Any CPU
		{46721173-5165-4C85-9029-B7417C0EAACD}.Debug|Any CPU.Build.0 = Debug|Any CPU
		{46721173-5165-4C85-9029-B7417C0EAACD}.Release|Any CPU.ActiveCfg = Release|Any CPU
		{46721173-5165-4C85-9029-B7417C0EAACD}.Release|Any CPU.Build.0 = Release|Any CPU
	EndGlobalSection
	GlobalSection(SolutionProperties) = preSolution
		HideSolutionNode = FALSE
	EndGlobalSection
	GlobalSection(ExtensibilityGlobals) = postSolution
		SolutionGuid = {6669E192-2367-44C8-94AE-47221B7F256A}
	EndGlobalSection
EndGlobal
